
Microsoft Visual Studio Solution File, Format Version 12.00
# Visual Studio 15
VisualStudioVersion = 15.0.27130.2027
MinimumVisualStudioVersion = 10.0.40219.1
Project("{8BC9CEB8-8B4A-11D0-8D11-00A0C91BC942}") = "expressions", "expressions\expressions.vcxproj", "{6BF91D15-7593-42AC-A2A3-A74A1381F2B8}"
EndProject
Global
	GlobalSection(SolutionConfigurationPlatforms) = preSolution
		Debug|x64 = Debug|x64
		Debug|x86 = Debug|x86
		Release|x64 = Release|x64
		Release|x86 = Release|x86
	EndGlobalSection
	GlobalSection(ProjectConfigurationPlatforms) = postSolution
		{6BF91D15-7593-42AC-A2A3-A74A1381F2B8}.Debug|x64.ActiveCfg = Debug|x64
		{6BF91D15-7593-42AC-A2A3-A74A1381F2B8}.Debug|x64.Build.0 = Debug|x64
		{6BF91D15-7593-42AC-A2A3-A74A1381F2B8}.Debug|x86.ActiveCfg = Debug|Win32
		{6BF91D15-7593-42AC-A2A3-A74A1381F2B8}.Debug|x86.Build.0 = Debug|Win32
		{6BF91D15-7593-42AC-A2A3-A74A1381F2B8}.Release|x64.ActiveCfg = Release|x64
		{6BF91D15-7593-42AC-A2A3-A74A1381F2B8}.Release|x64.Build.0 = Release|x64
		{6BF91D15-7593-42AC-A2A3-A74A1381F2B8}.Release|x86.ActiveCfg = Release|Win32
		{6BF91D15-7593-42AC-A2A3-A74A1381F2B8}.Release|x86.Build.0 = Release|Win32
	EndGlobalSection
	GlobalSection(SolutionProperties) = preSolution
		HideSolutionNode = FALSE
	EndGlobalSection
	GlobalSection(ExtensibilityGlobals) = postSolution
		SolutionGuid = {2B18F19C-6482-4A81-A1F1-4F8A2391EB49}
	EndGlobalSection
EndGlobal
